
Microsoft Visual Studio Solution File, Format Version 12.00
# Visual Studio Version 17
VisualStudioVersion = 17.12.35527.113
MinimumVisualStudioVersion = 10.0.40219.1
Project("{FAE04EC0-301F-11D3-BF4B-00C04F79EFBC}") = "TESTTTTT", "TESTTTTT.csproj", "{3499246D-1B7F-4719-8ABE-D18718E58981}"
EndProject
Project("{FAE04EC0-301F-11D3-BF4B-00C04F79EFBC}") = "ExtendedSerialPort", "..\..\..\IUT_Fath_Yasmine_Bertin_Lysa\C#\ExtendedSerialPort\ExtendedSerialPort\ExtendedSerialPort.csproj", "{BF1759A2-3237-43BF-AE19-E9C9529BD41D}"
EndProject
Project("{FAE04EC0-301F-11D3-BF4B-00C04F79EFBC}") = "ServoFeetech", "..\ServoFeetech\ServoFeetech.csproj", "{858EA33E-694D-4150-B76B-298F6FD6275E}"
EndProject
Global
	GlobalSection(SolutionConfigurationPlatforms) = preSolution
		Debug|Any CPU = Debug|Any CPU
		Release|Any CPU = Release|Any CPU
	EndGlobalSection
	GlobalSection(ProjectConfigurationPlatforms) = postSolution
		{3499246D-1B7F-4719-8ABE-D18718E58981}.Debug|Any CPU.ActiveCfg = Debug|Any CPU
		{3499246D-1B7F-4719-8ABE-D18718E58981}.Debug|Any CPU.Build.0 = Debug|Any CPU
		{3499246D-1B7F-4719-8ABE-D18718E58981}.Release|Any CPU.ActiveCfg = Release|Any CPU
		{3499246D-1B7F-4719-8ABE-D18718E58981}.Release|Any CPU.Build.0 = Release|Any CPU
		{BF1759A2-3237-43BF-AE19-E9C9529BD41D}.Debug|Any CPU.ActiveCfg = Debug|Any CPU
		{BF1759A2-3237-43BF-AE19-E9C9529BD41D}.Debug|Any CPU.Build.0 = Debug|Any CPU
		{BF1759A2-3237-43BF-AE19-E9C9529BD41D}.Release|Any CPU.ActiveCfg = Release|Any CPU
		{BF1759A2-3237-43BF-AE19-E9C9529BD41D}.Release|Any CPU.Build.0 = Release|Any CPU
		{858EA33E-694D-4150-B76B-298F6FD6275E}.Debug|Any CPU.ActiveCfg = Debug|Any CPU
		{858EA33E-694D-4150-B76B-298F6FD6275E}.Debug|Any CPU.Build.0 = Debug|Any CPU
		{858EA33E-694D-4150-B76B-298F6FD6275E}.Release|Any CPU.ActiveCfg = Release|Any CPU
		{858EA33E-694D-4150-B76B-298F6FD6275E}.Release|Any CPU.Build.0 = Release|Any CPU
	EndGlobalSection
	GlobalSection(SolutionProperties) = preSolution
		HideSolutionNode = FALSE
	EndGlobalSection
EndGlobal
