
Microsoft Visual Studio Solution File, Format Version 12.00
# Visual Studio Version 17
VisualStudioVersion = 17.12.35527.113
MinimumVisualStudioVersion = 10.0.40219.1
Project("{FAE04EC0-301F-11D3-BF4B-00C04F79EFBC}") = "WPFgrafcet", "WPFgrafcet.csproj", "{7C9722EE-535B-46F2-B9B3-196C8385FE2E}"
EndProject
Project("{FAE04EC0-301F-11D3-BF4B-00C04F79EFBC}") = "RobotStockage", "..\GrafcetRobot\RobotStockage.csproj", "{389C45A7-E15D-419D-AA9B-657285734EBB}"
EndProject
Project("{FAE04EC0-301F-11D3-BF4B-00C04F79EFBC}") = "ServoFeetech", "..\ServoFeetech\ServoFeetech.csproj", "{8A75D347-B6FB-4127-A819-4E739DD3D703}"
EndProject
Project("{FAE04EC0-301F-11D3-BF4B-00C04F79EFBC}") = "ExtendedSerialPort", "..\..\Cours\C#\ExtendedSerialPort .NET6\ExtendedSerialPort\ExtendedSerialPort\ExtendedSerialPort.csproj", "{47788BDB-E4A6-4F4B-B29D-31B7FDF9F8E9}"
EndProject
Global
	GlobalSection(SolutionConfigurationPlatforms) = preSolution
		Debug|Any CPU = Debug|Any CPU
		Release|Any CPU = Release|Any CPU
	EndGlobalSection
	GlobalSection(ProjectConfigurationPlatforms) = postSolution
		{7C9722EE-535B-46F2-B9B3-196C8385FE2E}.Debug|Any CPU.ActiveCfg = Debug|Any CPU
		{7C9722EE-535B-46F2-B9B3-196C8385FE2E}.Debug|Any CPU.Build.0 = Debug|Any CPU
		{7C9722EE-535B-46F2-B9B3-196C8385FE2E}.Release|Any CPU.ActiveCfg = Release|Any CPU
		{7C9722EE-535B-46F2-B9B3-196C8385FE2E}.Release|Any CPU.Build.0 = Release|Any CPU
		{389C45A7-E15D-419D-AA9B-657285734EBB}.Debug|Any CPU.ActiveCfg = Debug|Any CPU
		{389C45A7-E15D-419D-AA9B-657285734EBB}.Debug|Any CPU.Build.0 = Debug|Any CPU
		{389C45A7-E15D-419D-AA9B-657285734EBB}.Release|Any CPU.ActiveCfg = Release|Any CPU
		{389C45A7-E15D-419D-AA9B-657285734EBB}.Release|Any CPU.Build.0 = Release|Any CPU
		{8A75D347-B6FB-4127-A819-4E739DD3D703}.Debug|Any CPU.ActiveCfg = Debug|Any CPU
		{8A75D347-B6FB-4127-A819-4E739DD3D703}.Debug|Any CPU.Build.0 = Debug|Any CPU
		{8A75D347-B6FB-4127-A819-4E739DD3D703}.Release|Any CPU.ActiveCfg = Release|Any CPU
		{8A75D347-B6FB-4127-A819-4E739DD3D703}.Release|Any CPU.Build.0 = Release|Any CPU
		{47788BDB-E4A6-4F4B-B29D-31B7FDF9F8E9}.Debug|Any CPU.ActiveCfg = Debug|Any CPU
		{47788BDB-E4A6-4F4B-B29D-31B7FDF9F8E9}.Debug|Any CPU.Build.0 = Debug|Any CPU
		{47788BDB-E4A6-4F4B-B29D-31B7FDF9F8E9}.Release|Any CPU.ActiveCfg = Release|Any CPU
		{47788BDB-E4A6-4F4B-B29D-31B7FDF9F8E9}.Release|Any CPU.Build.0 = Release|Any CPU
	EndGlobalSection
	GlobalSection(SolutionProperties) = preSolution
		HideSolutionNode = FALSE
	EndGlobalSection
EndGlobal
